# THIS IS AN AUTOGENERATED FILE. DO NOT EDIT THIS FILE DIRECTLY.
# yarn lockfile v1


"@types/heap@^0.2.28":
  version "0.2.28"
  resolved "https://registry.yarnpkg.com/@types/heap/-/heap-0.2.28.tgz#c4247fae0e438c76ae05194c4b87cd5c4e859a7d"
  integrity sha1-xCR/rg5DjHauBRlMS4fNXE6Fmn0=

"@types/node@^16.11.11":
  version "16.11.11"
  resolved "https://registry.yarnpkg.com/@types/node/-/node-16.11.11.tgz#6ea7342dfb379ea1210835bada87b3c512120234"
  integrity sha512-KB0sixD67CeecHC33MYn+eYARkqTheIRNuu97y2XMjR7Wu3XibO1vaY6VBV6O/a89SPI81cEUIYT87UqUWlZNw==

heap@^0.2.7:
  version "0.2.7"
  resolved "https://registry.yarnpkg.com/heap/-/heap-0.2.7.tgz#1e6adf711d3f27ce35a81fe3b7bd576c2260a8fc"
  integrity sha512-2bsegYkkHO+h/9MGbn6KWcE45cHZgPANo5LXF7EvWdT0yT2EguSVO1nDgU5c8+ZOPwp2vMNa7YFsJhVcDR9Sdg==

typescript@^4.5.2:
  version "4.5.2"
  resolved "https://registry.yarnpkg.com/typescript/-/typescript-4.5.2.tgz#8ac1fba9f52256fdb06fb89e4122fa6a346c2998"
  integrity sha512-5BlMof9H1yGt0P8/WF+wPNw6GfctgGjXp5hkblpyT+8rkASSmkUKMXrxR0Xg8ThVCi/JnHQiKXeBaEwCeQwMFw==
